
Microsoft Visual Studio Solution File, Format Version 12.00
# Visual Studio Version 17
VisualStudioVersion = 17.5.002.0
MinimumVisualStudioVersion = 10.0.40219.1
Project("{2150E333-8FDC-42A3-9474-1A3956D46DE8}") = "client", "client", "{419DBB75-52BA-4F76-9D22-7E20D0002843}"
EndProject
Project("{9A19103F-16F7-4668-BE54-9A1E7A4F7556}") = "client", "client\client\client.csproj", "{95DB160C-6A0C-4660-BB49-C6BD1E522E60}"
EndProject
Project("{2150E333-8FDC-42A3-9474-1A3956D46DE8}") = "appointment_ui-20240711T100431Z-001", "appointment_ui-20240711T100431Z-001", "{CE833630-2240-460F-B101-BB672C728859}"
EndProject
Project("{9A19103F-16F7-4668-BE54-9A1E7A4F7556}") = "appointment_ui", "appointment_ui-20240711T100431Z-001\appointment_ui\appointment_ui.csproj", "{0EA2A517-19BB-44B1-B5C2-92DF787A332F}"
EndProject
Global
	GlobalSection(SolutionConfigurationPlatforms) = preSolution
		Debug|Any CPU = Debug|Any CPU
		Release|Any CPU = Release|Any CPU
	EndGlobalSection
	GlobalSection(ProjectConfigurationPlatforms) = postSolution
		{95DB160C-6A0C-4660-BB49-C6BD1E522E60}.Debug|Any CPU.ActiveCfg = Debug|Any CPU
		{95DB160C-6A0C-4660-BB49-C6BD1E522E60}.Debug|Any CPU.Build.0 = Debug|Any CPU
		{95DB160C-6A0C-4660-BB49-C6BD1E522E60}.Release|Any CPU.ActiveCfg = Release|Any CPU
		{95DB160C-6A0C-4660-BB49-C6BD1E522E60}.Release|Any CPU.Build.0 = Release|Any CPU
		{0EA2A517-19BB-44B1-B5C2-92DF787A332F}.Debug|Any CPU.ActiveCfg = Debug|Any CPU
		{0EA2A517-19BB-44B1-B5C2-92DF787A332F}.Debug|Any CPU.Build.0 = Debug|Any CPU
		{0EA2A517-19BB-44B1-B5C2-92DF787A332F}.Release|Any CPU.ActiveCfg = Release|Any CPU
		{0EA2A517-19BB-44B1-B5C2-92DF787A332F}.Release|Any CPU.Build.0 = Release|Any CPU
	EndGlobalSection
	GlobalSection(SolutionProperties) = preSolution
		HideSolutionNode = FALSE
	EndGlobalSection
	GlobalSection(NestedProjects) = preSolution
		{95DB160C-6A0C-4660-BB49-C6BD1E522E60} = {419DBB75-52BA-4F76-9D22-7E20D0002843}
		{0EA2A517-19BB-44B1-B5C2-92DF787A332F} = {CE833630-2240-460F-B101-BB672C728859}
	EndGlobalSection
	GlobalSection(ExtensibilityGlobals) = postSolution
		SolutionGuid = {F28EE486-B735-4FE4-BEDE-87045321D308}
	EndGlobalSection
EndGlobal
